
Microsoft Visual Studio Solution File, Format Version 12.00
# Visual Studio Version 16
VisualStudioVersion = 16.0.29709.97
MinimumVisualStudioVersion = 10.0.40219.1
Project("{FAE04EC0-301F-11D3-BF4B-00C04F79EFBC}") = "BookLibService", "BookLibDemo\BookLibService.csproj", "{ED0567F7-CE15-4C48-A91B-9110CCBE1380}"
EndProject
Global
	GlobalSection(SolutionConfigurationPlatforms) = preSolution
		Debug|Any CPU = Debug|Any CPU
		Release|Any CPU = Release|Any CPU
	EndGlobalSection
	GlobalSection(ProjectConfigurationPlatforms) = postSolution
		{ED0567F7-CE15-4C48-A91B-9110CCBE1380}.Debug|Any CPU.ActiveCfg = Debug|Any CPU
		{ED0567F7-CE15-4C48-A91B-9110CCBE1380}.Debug|Any CPU.Build.0 = Debug|Any CPU
		{ED0567F7-CE15-4C48-A91B-9110CCBE1380}.Release|Any CPU.ActiveCfg = Release|Any CPU
		{ED0567F7-CE15-4C48-A91B-9110CCBE1380}.Release|Any CPU.Build.0 = Release|Any CPU
	EndGlobalSection
	GlobalSection(SolutionProperties) = preSolution
		HideSolutionNode = FALSE
	EndGlobalSection
	GlobalSection(ExtensibilityGlobals) = postSolution
		SolutionGuid = {4C038323-F52E-436C-8B5B-B67353338520}
	EndGlobalSection
EndGlobal
